NeoBundleLock ctrlp.vim c410d8452a6e2bf60199106f99223a9f34f84878
NeoBundleLock elm.vim 04df290781f8a8a9a800e568262e0f2a077f503e
NeoBundleLock indentLine 86b9824b89cf52d4b748ea2a27885607c98c881a
NeoBundleLock lightline.vim bf98f313484ff10b293b5b9a70b45df308d6e6e4
NeoBundleLock neobundle.vim 88951d60547595606ea0ca8f28f643d2506f2714
NeoBundleLock neosnippet-snippets c7826ff876cd498c543802130d2b1cbe91ac0db2
NeoBundleLock neosnippet.vim 22bf9611263fcc9fd2c4bd61031053624ff82714
NeoBundleLock nerdcommenter 97cb982f1f0d0631b34b71b065e162916bee4036
NeoBundleLock nerdtree eee431dbd44111c858c6d33ffd366cae1f17f8b3
NeoBundleLock syntastic 734fde7f0b84ff3f670ab5772ed1b8b0c8c16770
NeoBundleLock vim-better-whitespace 7b3889cd072847f952211693f9aaf0c4ccede0a4
NeoBundleLock vim-colorschemes b8dff40f69f1873effbed97c759a8452ecb240ed
NeoBundleLock vim-espresso 3e685affbc91284b98698cb4927224698d50f427
NeoBundleLock vim-fugitive 58ed86e434951319ff7d438fb1096f24a51e6458
NeoBundleLock vim-gitgutter 1742a8f568df549f4daeda90174b54d0c371501f
NeoBundleLock vim-javascript 997c2b12f5fffedd3a787b8840dfe710b2e6d3f9
NeoBundleLock vim-javascript-syntax 9e019fccd738ba73713268a327ac3765646a4edd
NeoBundleLock vim-jsx eb656ed96435ccf985668ebd7bb6ceb34b736213
NeoBundleLock vim-less bd34eba9b8b34903db1df10ce3415964073b7011
NeoBundleLock vimshell 3787e52766812d8b99a93ccdda57517bc2a0bab6
